// !$*UTF8*$!
{
	archiveVersion = 1;
	classes = {
	};
	objectVersion = 46;
	objects = {

/* Begin PBXBuildFile section */
		B32AF2661D458AC60097AFD2 /* TransitionManager.swift in Sources */ = {isa = PBXBuildFile; fileRef = B32AF2651D458AC60097AFD2 /* TransitionManager.swift */; };
		B343FFBF1D7214E500D10E06 /* initialCountdown.mp3 in Resources */ = {isa = PBXBuildFile; fileRef = B343FFBE1D7214E500D10E06 /* initialCountdown.mp3 */; };
		B3634F451D6FD9E10060D517 /* ButtonTapped.wav in Resources */ = {isa = PBXBuildFile; fileRef = B3634F441D6FD9E10060D517 /* ButtonTapped.wav */; };
		B3634F491D6FE2AE0060D517 /* winner.mp3 in Resources */ = {isa = PBXBuildFile; fileRef = B3634F481D6FE2AE0060D517 /* winner.mp3 */; };
		B3634F4B1D6FED580060D517 /* Alert.mp3 in Resources */ = {isa = PBXBuildFile; fileRef = B3634F4A1D6FED580060D517 /* Alert.mp3 */; };
		B37609061D675AA900A678A1 /* LaunchScreen.storyboard in Resources */ = {isa = PBXBuildFile; fileRef = B37609051D675AA900A678A1 /* LaunchScreen.storyboard */; };
		B392F42C1D66112F00F3748A /* RulesTransitionManager.swift in Sources */ = {isa = PBXBuildFile; fileRef = B392F42B1D66112F00F3748A /* RulesTransitionManager.swift */; };
		B392F42E1D66146100F3748A /* RulesViewController.swift in Sources */ = {isa = PBXBuildFile; fileRef = B392F42D1D66146100F3748A /* RulesViewController.swift */; };
		B39C3D071D7A4B2800636B85 /* Category.swift in Sources */ = {isa = PBXBuildFile; fileRef = B39C3D061D7A4B2800636B85 /* Category.swift */; };
		B39E2A031D7E05CC00F59C4F /* Default-568h@2x.png in Resources */ = {isa = PBXBuildFile; fileRef = B39E2A021D7E05CC00F59C4F /* Default-568h@2x.png */; };
		B3A1D1961D760D720062D7BA /* swipeSoundEffect.mp3 in Resources */ = {isa = PBXBuildFile; fileRef = B3A1D1951D760D720062D7BA /* swipeSoundEffect.mp3 */; };
		B3F39C6B1D46722B0049F8FB /* GameScreenTransitionManager.swift in Sources */ = {isa = PBXBuildFile; fileRef = B3F39C6A1D46722B0049F8FB /* GameScreenTransitionManager.swift */; };
		B413DBDE1D2DF1900006FB9D /* Game.swift in Sources */ = {isa = PBXBuildFile; fileRef = B413DBDD1D2DF1900006FB9D /* Game.swift */; };
		B4752B421D28849500A042E0 /* GameViewController.swift in Sources */ = {isa = PBXBuildFile; fileRef = B4752B411D28849500A042E0 /* GameViewController.swift */; };
		D604D4801D21839B00FBCC2B /* DetailViewController.swift in Sources */ = {isa = PBXBuildFile; fileRef = D604D47F1D21839B00FBCC2B /* DetailViewController.swift */; };
		D62296C21D5832E600B131D7 /* CategoriesTransitionManager.swift in Sources */ = {isa = PBXBuildFile; fileRef = D62296C11D5832E600B131D7 /* CategoriesTransitionManager.swift */; };
		D67774D21D1C392B0051C634 /* AppDelegate.swift in Sources */ = {isa = PBXBuildFile; fileRef = D67774D11D1C392B0051C634 /* AppDelegate.swift */; };
		D67774D41D1C392B0051C634 /* CategoriesViewController.swift in Sources */ = {isa = PBXBuildFile; fileRef = D67774D31D1C392B0051C634 /* CategoriesViewController.swift */; };
		D67774D71D1C392B0051C634 /* Main.storyboard in Resources */ = {isa = PBXBuildFile; fileRef = D67774D51D1C392B0051C634 /* Main.storyboard */; };
		D67774DA1D1C392B0051C634 /* testing_animations.xcdatamodeld in Sources */ = {isa = PBXBuildFile; fileRef = D67774D81D1C392B0051C634 /* testing_animations.xcdatamodeld */; };
		D67774DC1D1C392B0051C634 /* Assets.xcassets in Resources */ = {isa = PBXBuildFile; fileRef = D67774DB1D1C392B0051C634 /* Assets.xcassets */; };
		D67774EA1D1C392B0051C634 /* TheWordGameTests.swift in Sources */ = {isa = PBXBuildFile; fileRef = D67774E91D1C392B0051C634 /* TheWordGameTests.swift */; };
		D67774F51D1C392B0051C634 /* testing_animationsUITests.swift in Sources */ = {isa = PBXBuildFile; fileRef = D67774F41D1C392B0051C634 /* testing_animationsUITests.swift */; };
		D67775031D1C4FDC0051C634 /* CollectionViewCell.swift in Sources */ = {isa = PBXBuildFile; fileRef = D67775021D1C4FDC0051C634 /* CollectionViewCell.swift */; };
		D6A39C111D7141D200FD65E6 /* countdown.mp3 in Resources */ = {isa = PBXBuildFile; fileRef = D6A39C101D7141D200FD65E6 /* countdown.mp3 */; };
/* End PBXBuildFile section */

/* Begin PBXContainerItemProxy section */
		D67774E61D1C392B0051C634 /* PBXContainerItemProxy */ = {
			isa = PBXContainerItemProxy;
			containerPortal = D67774C61D1C392B0051C634 /* Project object */;
			proxyType = 1;
			remoteGlobalIDString = D67774CD1D1C392B0051C634;
			remoteInfo = "testing-animations";
		};
		D67774F11D1C392B0051C634 /* PBXContainerItemProxy */ = {
			isa = PBXContainerItemProxy;
			containerPortal = D67774C61D1C392B0051C634 /* Project object */;
			proxyType = 1;
			remoteGlobalIDString = D67774CD1D1C392B0051C634;
			remoteInfo = "testing-animations";
		};
/* End PBXContainerItemProxy section */

/* Begin PBXFileReference section */
		B32AF2651D458AC60097AFD2 /* TransitionManager.swift */ = {isa = PBXFileReference; fileEncoding = 4; lastKnownFileType = sourcecode.swift; path = TransitionManager.swift; sourceTree = "<group>"; };
		B343FFBE1D7214E500D10E06 /* initialCountdown.mp3 */ = {isa = PBXFileReference; lastKnownFileType = audio.mp3; path = initialCountdown.mp3; sourceTree = "<group>"; };
		B3634F441D6FD9E10060D517 /* ButtonTapped.wav */ = {isa = PBXFileReference; lastKnownFileType = audio.wav; path = ButtonTapped.wav; sourceTree = "<group>"; };
		B3634F481D6FE2AE0060D517 /* winner.mp3 */ = {isa = PBXFileReference; lastKnownFileType = audio.mp3; path = winner.mp3; sourceTree = "<group>"; };
		B3634F4A1D6FED580060D517 /* Alert.mp3 */ = {isa = PBXFileReference; lastKnownFileType = audio.mp3; path = Alert.mp3; sourceTree = "<group>"; };
		B37609051D675AA900A678A1 /* LaunchScreen.storyboard */ = {isa = PBXFileReference; fileEncoding = 4; lastKnownFileType = file.storyboard; path = LaunchScreen.storyboard; sourceTree = "<group>"; };
		B392F42B1D66112F00F3748A /* RulesTransitionManager.swift */ = {isa = PBXFileReference; fileEncoding = 4; lastKnownFileType = sourcecode.swift; path = RulesTransitionManager.swift; sourceTree = "<group>"; };
		B392F42D1D66146100F3748A /* RulesViewController.swift */ = {isa = PBXFileReference; fileEncoding = 4; lastKnownFileType = sourcecode.swift; path = RulesViewController.swift; sourceTree = "<group>"; };
		B39C3D061D7A4B2800636B85 /* Category.swift */ = {isa = PBXFileReference; fileEncoding = 4; lastKnownFileType = sourcecode.swift; name = Category.swift; path = ../Category.swift; sourceTree = "<group>"; };
		B39E2A021D7E05CC00F59C4F /* Default-568h@2x.png */ = {isa = PBXFileReference; lastKnownFileType = image.png; path = "Default-568h@2x.png"; sourceTree = "<group>"; };
		B3A1D1951D760D720062D7BA /* swipeSoundEffect.mp3 */ = {isa = PBXFileReference; lastKnownFileType = audio.mp3; path = swipeSoundEffect.mp3; sourceTree = "<group>"; };
		B3F39C6A1D46722B0049F8FB /* GameScreenTransitionManager.swift */ = {isa = PBXFileReference; fileEncoding = 4; lastKnownFileType = sourcecode.swift; path = GameScreenTransitionManager.swift; sourceTree = "<group>"; };
		B413DBDD1D2DF1900006FB9D /* Game.swift */ = {isa = PBXFileReference; fileEncoding = 4; lastKnownFileType = sourcecode.swift; path = Game.swift; sourceTree = "<group>"; };
		B4752B411D28849500A042E0 /* GameViewController.swift */ = {isa = PBXFileReference; fileEncoding = 4; lastKnownFileType = sourcecode.swift; path = GameViewController.swift; sourceTree = "<group>"; };
		D604D47F1D21839B00FBCC2B /* DetailViewController.swift */ = {isa = PBXFileReference; fileEncoding = 4; lastKnownFileType = sourcecode.swift; path = DetailViewController.swift; sourceTree = "<group>"; };
		D62296C11D5832E600B131D7 /* CategoriesTransitionManager.swift */ = {isa = PBXFileReference; fileEncoding = 4; lastKnownFileType = sourcecode.swift; path = CategoriesTransitionManager.swift; sourceTree = "<group>"; };
		D67774CE1D1C392B0051C634 /* TheWordGame.temp_caseinsensitive_rename.app */ = {isa = PBXFileReference; explicitFileType = wrapper.application; includeInIndex = 0; path = TheWordGame.temp_caseinsensitive_rename.app; sourceTree = BUILT_PRODUCTS_DIR; };
		D67774D11D1C392B0051C634 /* AppDelegate.swift */ = {isa = PBXFileReference; lastKnownFileType = sourcecode.swift; path = AppDelegate.swift; sourceTree = "<group>"; };
		D67774D31D1C392B0051C634 /* CategoriesViewController.swift */ = {isa = PBXFileReference; lastKnownFileType = sourcecode.swift; path = CategoriesViewController.swift; sourceTree = "<group>"; };
		D67774D61D1C392B0051C634 /* Base */ = {isa = PBXFileReference; lastKnownFileType = file.storyboard; name = Base; path = Base.lproj/Main.storyboard; sourceTree = "<group>"; };
		D67774D91D1C392B0051C634 /* testing_animations.xcdatamodel */ = {isa = PBXFileReference; lastKnownFileType = wrapper.xcdatamodel; path = testing_animations.xcdatamodel; sourceTree = "<group>"; };
		D67774DB1D1C392B0051C634 /* Assets.xcassets */ = {isa = PBXFileReference; lastKnownFileType = folder.assetcatalog; path = Assets.xcassets; sourceTree = "<group>"; };
		D67774E01D1C392B0051C634 /* Info.plist */ = {isa = PBXFileReference; lastKnownFileType = text.plist.xml; path = Info.plist; sourceTree = "<group>"; };
		D67774E51D1C392B0051C634 /* TheWordGame.temp_caseinsensitive_rename.xctest */ = {isa = PBXFileReference; explicitFileType = wrapper.cfbundle; includeInIndex = 0; path = TheWordGame.temp_caseinsensitive_rename.xctest; sourceTree = BUILT_PRODUCTS_DIR; };
		D67774E91D1C392B0051C634 /* TheWordGameTests.swift */ = {isa = PBXFileReference; lastKnownFileType = sourcecode.swift; path = TheWordGameTests.swift; sourceTree = "<group>"; };
		D67774EB1D1C392B0051C634 /* Info.plist */ = {isa = PBXFileReference; lastKnownFileType = text.plist.xml; path = Info.plist; sourceTree = "<group>"; };
		D67774F01D1C392B0051C634 /* TheWordGame.temp_caseinsensitive_rename.xctest */ = {isa = PBXFileReference; explicitFileType = wrapper.cfbundle; includeInIndex = 0; path = TheWordGame.temp_caseinsensitive_rename.xctest; sourceTree = BUILT_PRODUCTS_DIR; };
		D67774F41D1C392B0051C634 /* testing_animationsUITests.swift */ = {isa = PBXFileReference; lastKnownFileType = sourcecode.swift; path = testing_animationsUITests.swift; sourceTree = "<group>"; };
		D67774F61D1C392B0051C634 /* Info.plist */ = {isa = PBXFileReference; lastKnownFileType = text.plist.xml; path = Info.plist; sourceTree = "<group>"; };
		D67775021D1C4FDC0051C634 /* CollectionViewCell.swift */ = {isa = PBXFileReference; fileEncoding = 4; lastKnownFileType = sourcecode.swift; name = CollectionViewCell.swift; path = ../CollectionViewCell.swift; sourceTree = "<group>"; };
		D6A39C101D7141D200FD65E6 /* countdown.mp3 */ = {isa = PBXFileReference; lastKnownFileType = audio.mp3; path = countdown.mp3; sourceTree = "<group>"; };
/* End PBXFileReference section */

/* Begin PBXFrameworksBuildPhase section */
		D67774CB1D1C392B0051C634 /* Frameworks */ = {
			isa = PBXFrameworksBuildPhase;
			buildActionMask = 2147483647;
			files = (
			);
			runOnlyForDeploymentPostprocessing = 0;
		};
		D67774E21D1C392B0051C634 /* Frameworks */ = {
			isa = PBXFrameworksBuildPhase;
			buildActionMask = 2147483647;
			files = (
			);
			runOnlyForDeploymentPostprocessing = 0;
		};
		D67774ED1D1C392B0051C634 /* Frameworks */ = {
			isa = PBXFrameworksBuildPhase;
			buildActionMask = 2147483647;
			files = (
			);
			runOnlyForDeploymentPostprocessing = 0;
		};
/* End PBXFrameworksBuildPhase section */

/* Begin PBXGroup section */
		B35659051D6F9D87003E7DCD /* Sound Effects */ = {
			isa = PBXGroup;
			children = (
				B3A1D1951D760D720062D7BA /* swipeSoundEffect.mp3 */,
				B343FFBE1D7214E500D10E06 /* initialCountdown.mp3 */,
				D6A39C101D7141D200FD65E6 /* countdown.mp3 */,
				B3634F4A1D6FED580060D517 /* Alert.mp3 */,
				B3634F481D6FE2AE0060D517 /* winner.mp3 */,
				B3634F441D6FD9E10060D517 /* ButtonTapped.wav */,
			);
			name = "Sound Effects";
			sourceTree = "<group>";
		};
		B37786021D494B1E00639A8B /* Transition Managers */ = {
			isa = PBXGroup;
			children = (
				B32AF2651D458AC60097AFD2 /* TransitionManager.swift */,
				B392F42B1D66112F00F3748A /* RulesTransitionManager.swift */,
				B3F39C6A1D46722B0049F8FB /* GameScreenTransitionManager.swift */,
				D62296C11D5832E600B131D7 /* CategoriesTransitionManager.swift */,
			);
			name = "Transition Managers";
			sourceTree = "<group>";
		};
		B3F39C6C1D4672D80049F8FB /* View Controllers */ = {
			isa = PBXGroup;
			children = (
				D67775021D1C4FDC0051C634 /* CollectionViewCell.swift */,
				D67774D31D1C392B0051C634 /* CategoriesViewController.swift */,
				D604D47F1D21839B00FBCC2B /* DetailViewController.swift */,
				B4752B411D28849500A042E0 /* GameViewController.swift */,
				B392F42D1D66146100F3748A /* RulesViewController.swift */,
			);
			name = "View Controllers";
			sourceTree = "<group>";
		};
		D67774C51D1C392B0051C634 = {
			isa = PBXGroup;
			children = (
				B39E2A021D7E05CC00F59C4F /* Default-568h@2x.png */,
				D67774D01D1C392B0051C634 /* TheWordGame */,
				D67774E81D1C392B0051C634 /* TheWordGameTests */,
				D67774F31D1C392B0051C634 /* TheWordGameUITests */,
				D67774CF1D1C392B0051C634 /* Products */,
			);
			sourceTree = "<group>";
		};
		D67774CF1D1C392B0051C634 /* Products */ = {
			isa = PBXGroup;
			children = (
				D67774CE1D1C392B0051C634 /* TheWordGame.temp_caseinsensitive_rename.app */,
				D67774E51D1C392B0051C634 /* TheWordGame.temp_caseinsensitive_rename.xctest */,
				D67774F01D1C392B0051C634 /* TheWordGame.temp_caseinsensitive_rename.xctest */,
			);
			name = Products;
			path = TheWordGame;
			sourceTree = "<group>";
		};
		D67774D01D1C392B0051C634 /* TheWordGame */ = {
			isa = PBXGroup;
			children = (
				B35659051D6F9D87003E7DCD /* Sound Effects */,
				D67774D11D1C392B0051C634 /* AppDelegate.swift */,
				B39C3D061D7A4B2800636B85 /* Category.swift */,
				B413DBDD1D2DF1900006FB9D /* Game.swift */,
				B3F39C6C1D4672D80049F8FB /* View Controllers */,
				D67774D51D1C392B0051C634 /* Main.storyboard */,
				B37786021D494B1E00639A8B /* Transition Managers */,
				D67774DB1D1C392B0051C634 /* Assets.xcassets */,
				D67774E01D1C392B0051C634 /* Info.plist */,
				B37609051D675AA900A678A1 /* LaunchScreen.storyboard */,
				D67774D81D1C392B0051C634 /* testing_animations.xcdatamodeld */,
			);
			path = TheWordGame;
			sourceTree = "<group>";
		};
		D67774E81D1C392B0051C634 /* TheWordGameTests */ = {
			isa = PBXGroup;
			children = (
				D67774E91D1C392B0051C634 /* TheWordGameTests.swift */,
				D67774EB1D1C392B0051C634 /* Info.plist */,
			);
			path = TheWordGameTests;
			sourceTree = "<group>";
		};
		D67774F31D1C392B0051C634 /* TheWordGameUITests */ = {
			isa = PBXGroup;
			children = (
				D67774F41D1C392B0051C634 /* testing_animationsUITests.swift */,
				D67774F61D1C392B0051C634 /* Info.plist */,
			);
			path = TheWordGameUITests;
			sourceTree = "<group>";
		};
/* End PBXGroup section */

/* Begin PBXNativeTarget section */
		D67774CD1D1C392B0051C634 /* TheWordGame */ = {
			isa = PBXNativeTarget;
			buildConfigurationList = D67774F91D1C392B0051C634 /* Build configuration list for PBXNativeTarget "TheWordGame" */;
			buildPhases = (
				D67774CA1D1C392B0051C634 /* Sources */,
				D67774CB1D1C392B0051C634 /* Frameworks */,
				D67774CC1D1C392B0051C634 /* Resources */,
			);
			buildRules = (
			);
			dependencies = (
			);
			name = TheWordGame;
			productName = "testing-animations";
			productReference = D67774CE1D1C392B0051C634 /* TheWordGame.temp_caseinsensitive_rename.app */;
			productType = "com.apple.product-type.application";
		};
		D67774E41D1C392B0051C634 /* TheWordGameTests */ = {
			isa = PBXNativeTarget;
			buildConfigurationList = D67774FC1D1C392B0051C634 /* Build configuration list for PBXNativeTarget "TheWordGameTests" */;
			buildPhases = (
				D67774E11D1C392B0051C634 /* Sources */,
				D67774E21D1C392B0051C634 /* Frameworks */,
				D67774E31D1C392B0051C634 /* Resources */,
			);
			buildRules = (
			);
			dependencies = (
				D67774E71D1C392B0051C634 /* PBXTargetDependency */,
			);
			name = TheWordGameTests;
			productName = "testing-animationsTests";
			productReference = D67774E51D1C392B0051C634 /* TheWordGame.temp_caseinsensitive_rename.xctest */;
			productType = "com.apple.product-type.bundle.unit-test";
		};
		D67774EF1D1C392B0051C634 /* TheWordGameUITests */ = {
			isa = PBXNativeTarget;
			buildConfigurationList = D67774FF1D1C392B0051C634 /* Build configuration list for PBXNativeTarget "TheWordGameUITests" */;
			buildPhases = (
				D67774EC1D1C392B0051C634 /* Sources */,
				D67774ED1D1C392B0051C634 /* Frameworks */,
				D67774EE1D1C392B0051C634 /* Resources */,
			);
			buildRules = (
			);
			dependencies = (
				D67774F21D1C392B0051C634 /* PBXTargetDependency */,
			);
			name = TheWordGameUITests;
			productName = "testing-animationsUITests";
			productReference = D67774F01D1C392B0051C634 /* TheWordGame.temp_caseinsensitive_rename.xctest */;
			productType = "com.apple.product-type.bundle.ui-testing";
		};
/* End PBXNativeTarget section */

/* Begin PBXProject section */
		D67774C61D1C392B0051C634 /* Project object */ = {
			isa = PBXProject;
			attributes = {
				LastSwiftUpdateCheck = 0730;
				LastUpgradeCheck = 0730;
				ORGANIZATIONNAME = "Daniel Castro";
				TargetAttributes = {
					D67774CD1D1C392B0051C634 = {
						CreatedOnToolsVersion = 7.3.1;
						DevelopmentTeam = 2PRLD92U5Y;
					};
					D67774E41D1C392B0051C634 = {
						CreatedOnToolsVersion = 7.3.1;
						TestTargetID = D67774CD1D1C392B0051C634;
					};
					D67774EF1D1C392B0051C634 = {
						CreatedOnToolsVersion = 7.3.1;
						TestTargetID = D67774CD1D1C392B0051C634;
					};
				};
			};
			buildConfigurationList = D67774C91D1C392B0051C634 /* Build configuration list for PBXProject "TheWordGame" */;
			compatibilityVersion = "Xcode 3.2";
			developmentRegion = English;
			hasScannedForEncodings = 0;
			knownRegions = (
				en,
				Base,
			);
			mainGroup = D67774C51D1C392B0051C634;
			productRefGroup = D67774CF1D1C392B0051C634 /* Products */;
			projectDirPath = "";
			projectRoot = "";
			targets = (
				D67774CD1D1C392B0051C634 /* TheWordGame */,
				D67774E41D1C392B0051C634 /* TheWordGameTests */,
				D67774EF1D1C392B0051C634 /* TheWordGameUITests */,
			);
		};
/* End PBXProject section */

/* Begin PBXResourcesBuildPhase section */
		D67774CC1D1C392B0051C634 /* Resources */ = {
			isa = PBXResourcesBuildPhase;
			buildActionMask = 2147483647;
			files = (
				B343FFBF1D7214E500D10E06 /* initialCountdown.mp3 in Resources */,
				B3634F4B1D6FED580060D517 /* Alert.mp3 in Resources */,
				B37609061D675AA900A678A1 /* LaunchScreen.storyboard in Resources */,
				B39E2A031D7E05CC00F59C4F /* Default-568h@2x.png in Resources */,
				B3634F491D6FE2AE0060D517 /* winner.mp3 in Resources */,
				D67774DC1D1C392B0051C634 /* Assets.xcassets in Resources */,
				D6A39C111D7141D200FD65E6 /* countdown.mp3 in Resources */,
				B3634F451D6FD9E10060D517 /* ButtonTapped.wav in Resources */,
				D67774D71D1C392B0051C634 /* Main.storyboard in Resources */,
				B3A1D1961D760D720062D7BA /* swipeSoundEffect.mp3 in Resources */,
			);
			runOnlyForDeploymentPostprocessing = 0;
		};
		D67774E31D1C392B0051C634 /* Resources */ = {
			isa = PBXResourcesBuildPhase;
			buildActionMask = 2147483647;
			files = (
			);
			runOnlyForDeploymentPostprocessing = 0;
		};
		D67774EE1D1C392B0051C634 /* Resources */ = {
			isa = PBXResourcesBuildPhase;
			buildActionMask = 2147483647;
			files = (
			);
			runOnlyForDeploymentPostprocessing = 0;
		};
/* End PBXResourcesBuildPhase section */

/* Begin PBXSourcesBuildPhase section */
		D67774CA1D1C392B0051C634 /* Sources */ = {
			isa = PBXSourcesBuildPhase;
			buildActionMask = 2147483647;
			files = (
				D62296C21D5832E600B131D7 /* CategoriesTransitionManager.swift in Sources */,
				D67774DA1D1C392B0051C634 /* testing_animations.xcdatamodeld in Sources */,
				D67774D41D1C392B0051C634 /* CategoriesViewController.swift in Sources */,
				B413DBDE1D2DF1900006FB9D /* Game.swift in Sources */,
				B392F42C1D66112F00F3748A /* RulesTransitionManager.swift in Sources */,
				D604D4801D21839B00FBCC2B /* DetailViewController.swift in Sources */,
				D67775031D1C4FDC0051C634 /* CollectionViewCell.swift in Sources */,
				B3F39C6B1D46722B0049F8FB /* GameScreenTransitionManager.swift in Sources */,
				B32AF2661D458AC60097AFD2 /* TransitionManager.swift in Sources */,
				B39C3D071D7A4B2800636B85 /* Category.swift in Sources */,
				B4752B421D28849500A042E0 /* GameViewController.swift in Sources */,
				B392F42E1D66146100F3748A /* RulesViewController.swift in Sources */,
				D67774D21D1C392B0051C634 /* AppDelegate.swift in Sources */,
			);
			runOnlyForDeploymentPostprocessing = 0;
		};
		D67774E11D1C392B0051C634 /* Sources */ = {
			isa = PBXSourcesBuildPhase;
			buildActionMask = 2147483647;
			files = (
				D67774EA1D1C392B0051C634 /* TheWordGameTests.swift in Sources */,
			);
			runOnlyForDeploymentPostprocessing = 0;
		};
		D67774EC1D1C392B0051C634 /* Sources */ = {
			isa = PBXSourcesBuildPhase;
			buildActionMask = 2147483647;
			files = (
				D67774F51D1C392B0051C634 /* testing_animationsUITests.swift in Sources */,
			);
			runOnlyForDeploymentPostprocessing = 0;
		};
/* End PBXSourcesBuildPhase section */

/* Begin PBXTargetDependency section */
		D67774E71D1C392B0051C634 /* PBXTargetDependency */ = {
			isa = PBXTargetDependency;
			target = D67774CD1D1C392B0051C634 /* TheWordGame */;
			targetProxy = D67774E61D1C392B0051C634 /* PBXContainerItemProxy */;
		};
		D67774F21D1C392B0051C634 /* PBXTargetDependency */ = {
			isa = PBXTargetDependency;
			target = D67774CD1D1C392B0051C634 /* TheWordGame */;
			targetProxy = D67774F11D1C392B0051C634 /* PBXContainerItemProxy */;
		};
/* End PBXTargetDependency section */

/* Begin PBXVariantGroup section */
		D67774D51D1C392B0051C634 /* Main.storyboard */ = {
			isa = PBXVariantGroup;
			children = (
				D67774D61D1C392B0051C634 /* Base */,
			);
			name = Main.storyboard;
			sourceTree = "<group>";
		};
/* End PBXVariantGroup section */

/* Begin XCBuildConfiguration section */
		D67774F71D1C392B0051C634 /* Debug */ = {
			isa = XCBuildConfiguration;
			buildSettings = {
				ALWAYS_SEARCH_USER_PATHS = NO;
				CLANG_ANALYZER_NONNULL = YES;
				CLANG_CXX_LANGUAGE_STANDARD = "gnu++0x";
				CLANG_CXX_LIBRARY = "libc++";
				CLANG_ENABLE_MODULES = YES;
				CLANG_ENABLE_OBJC_ARC = YES;
				CLANG_WARN_BOOL_CONVERSION = YES;
				CLANG_WARN_CONSTANT_CONVERSION = YES;
				CLANG_WARN_DIRECT_OBJC_ISA_USAGE = YES_ERROR;
				CLANG_WARN_EMPTY_BODY = YES;
				CLANG_WARN_ENUM_CONVERSION = YES;
				CLANG_WARN_INT_CONVERSION = YES;
				CLANG_WARN_OBJC_ROOT_CLASS = YES_ERROR;
				CLANG_WARN_UNREACHABLE_CODE = YES;
				CLANG_WARN__DUPLICATE_METHOD_MATCH = YES;
				"CODE_SIGN_IDENTITY[sdk=iphoneos*]" = "iPhone Developer";
				COPY_PHASE_STRIP = NO;
				DEBUG_INFORMATION_FORMAT = dwarf;
				ENABLE_STRICT_OBJC_MSGSEND = YES;
				ENABLE_TESTABILITY = YES;
				GCC_C_LANGUAGE_STANDARD = gnu99;
				GCC_DYNAMIC_NO_PIC = NO;
				GCC_NO_COMMON_BLOCKS = YES;
				GCC_OPTIMIZATION_LEVEL = 0;
				GCC_PREPROCESSOR_DEFINITIONS = (
					"DEBUG=1",
					"$(inherited)",
				);
				GCC_WARN_64_TO_32_BIT_CONVERSION = YES;
				GCC_WARN_ABOUT_RETURN_TYPE = YES_ERROR;
				GCC_WARN_UNDECLARED_SELECTOR = YES;
				GCC_WARN_UNINITIALIZED_AUTOS = YES_AGGRESSIVE;
				GCC_WARN_UNUSED_FUNCTION = YES;
				GCC_WARN_UNUSED_VARIABLE = YES;
				IPHONEOS_DEPLOYMENT_TARGET = 9.3;
				MTL_ENABLE_DEBUG_INFO = YES;
				ONLY_ACTIVE_ARCH = YES;
				SDKROOT = iphoneos;
				SWIFT_OPTIMIZATION_LEVEL = "-Onone";
			};
			name = Debug;
		};
		D67774F81D1C392B0051C634 /* Release */ = {
			isa = XCBuildConfiguration;
			buildSettings = {
				ALWAYS_SEARCH_USER_PATHS = NO;
				CLANG_ANALYZER_NONNULL = YES;
				CLANG_CXX_LANGUAGE_STANDARD = "gnu++0x";
				CLANG_CXX_LIBRARY = "libc++";
				CLANG_ENABLE_MODULES = YES;
				CLANG_ENABLE_OBJC_ARC = YES;
				CLANG_WARN_BOOL_CONVERSION = YES;
				CLANG_WARN_CONSTANT_CONVERSION = YES;
				CLANG_WARN_DIRECT_OBJC_ISA_USAGE = YES_ERROR;
				CLANG_WARN_EMPTY_BODY = YES;
				CLANG_WARN_ENUM_CONVERSION = YES;
				CLANG_WARN_INT_CONVERSION = YES;
				CLANG_WARN_OBJC_ROOT_CLASS = YES_ERROR;
				CLANG_WARN_UNREACHABLE_CODE = YES;
				CLANG_WARN__DUPLICATE_METHOD_MATCH = YES;
				"CODE_SIGN_IDENTITY[sdk=iphoneos*]" = "iPhone Developer";
				COPY_PHASE_STRIP = NO;
				DEBUG_INFORMATION_FORMAT = "dwarf-with-dsym";
				ENABLE_NS_ASSERTIONS = NO;
				ENABLE_STRICT_OBJC_MSGSEND = YES;
				GCC_C_LANGUAGE_STANDARD = gnu99;
				GCC_NO_COMMON_BLOCKS = YES;
				GCC_WARN_64_TO_32_BIT_CONVERSION = YES;
				GCC_WARN_ABOUT_RETURN_TYPE = YES_ERROR;
				GCC_WARN_UNDECLARED_SELECTOR = YES;
				GCC_WARN_UNINITIALIZED_AUTOS = YES_AGGRESSIVE;
				GCC_WARN_UNUSED_FUNCTION = YES;
				GCC_WARN_UNUSED_VARIABLE = YES;
				IPHONEOS_DEPLOYMENT_TARGET = 9.3;
				MTL_ENABLE_DEBUG_INFO = NO;
				SDKROOT = iphoneos;
				VALIDATE_PRODUCT = YES;
			};
			name = Release;
		};
		D67774FA1D1C392B0051C634 /* Debug */ = {
			isa = XCBuildConfiguration;
			buildSettings = {
				ASSETCATALOG_COMPILER_APPICON_NAME = AppIcon;
				CODE_SIGN_IDENTITY = "iPhone Developer";
				"CODE_SIGN_IDENTITY[sdk=iphoneos*]" = "iPhone Developer";
				INFOPLIST_FILE = "$(SRCROOT)/TheWordGame/Info.plist";
				LD_RUNPATH_SEARCH_PATHS = "$(inherited) @executable_path/Frameworks";
				PRODUCT_BUNDLE_IDENTIFIER = com.danielcastro.thewordgame;
				PRODUCT_NAME = TheWordGame.temp_caseinsensitive_rename;
				PROVISIONING_PROFILE = "";
			};
			name = Debug;
		};
		D67774FB1D1C392B0051C634 /* Release */ = {
			isa = XCBuildConfiguration;
			buildSettings = {
				ASSETCATALOG_COMPILER_APPICON_NAME = AppIcon;
				CODE_SIGN_IDENTITY = "iPhone Developer";
				"CODE_SIGN_IDENTITY[sdk=iphoneos*]" = "iPhone Developer";
				INFOPLIST_FILE = "$(SRCROOT)/TheWordGame/Info.plist";
				LD_RUNPATH_SEARCH_PATHS = "$(inherited) @executable_path/Frameworks";
				PRODUCT_BUNDLE_IDENTIFIER = com.danielcastro.thewordgame;
				PRODUCT_NAME = TheWordGame.temp_caseinsensitive_rename;
				PROVISIONING_PROFILE = "";
			};
			name = Release;
		};
		D67774FD1D1C392B0051C634 /* Debug */ = {
			isa = XCBuildConfiguration;
			buildSettings = {
				BUNDLE_LOADER = "$(TEST_HOST)";
				INFOPLIST_FILE = TheWordGameTests/Info.plist;
				LD_RUNPATH_SEARCH_PATHS = "$(inherited) @executable_path/Frameworks @loader_path/Frameworks";
				PRODUCT_BUNDLE_IDENTIFIER = com.danielcastro.TheWordGameTests;
				PRODUCT_NAME = TheWordGame.temp_caseinsensitive_rename;
				TEST_HOST = "$(BUILT_PRODUCTS_DIR)/TheWordGame.temp_caseinsensitive_rename.app/TheWordGame.temp_caseinsensitive_rename";
			};
			name = Debug;
		};
		D67774FE1D1C392B0051C634 /* Release */ = {
			isa = XCBuildConfiguration;
			buildSettings = {
				BUNDLE_LOADER = "$(TEST_HOST)";
				INFOPLIST_FILE = TheWordGameTests/Info.plist;
				LD_RUNPATH_SEARCH_PATHS = "$(inherited) @executable_path/Frameworks @loader_path/Frameworks";
				PRODUCT_BUNDLE_IDENTIFIER = com.danielcastro.TheWordGameTests;
				PRODUCT_NAME = TheWordGame.temp_caseinsensitive_rename;
				TEST_HOST = "$(BUILT_PRODUCTS_DIR)/TheWordGame.temp_caseinsensitive_rename.app/TheWordGame.temp_caseinsensitive_rename";
			};
			name = Release;
		};
		D67775001D1C392B0051C634 /* Debug */ = {
			isa = XCBuildConfiguration;
			buildSettings = {
				CODE_SIGN_IDENTITY = "iPhone Developer";
				INFOPLIST_FILE = TheWordGame/Info.plist;
				LD_RUNPATH_SEARCH_PATHS = "$(inherited) @executable_path/Frameworks @loader_path/Frameworks";
				PRODUCT_BUNDLE_IDENTIFIER = com.danielcastro.thewordgame;
				PRODUCT_NAME = TheWordGame.temp_caseinsensitive_rename;
				TEST_TARGET_NAME = TheWordGame;
			};
			name = Debug;
		};
		D67775011D1C392B0051C634 /* Release */ = {
			isa = XCBuildConfiguration;
			buildSettings = {
				CODE_SIGN_IDENTITY = "iPhone Developer";
				INFOPLIST_FILE = TheWordGame/Info.plist;
				LD_RUNPATH_SEARCH_PATHS = "$(inherited) @executable_path/Frameworks @loader_path/Frameworks";
				PRODUCT_BUNDLE_IDENTIFIER = com.danielcastro.thewordgame;
				PRODUCT_NAME = TheWordGame.temp_caseinsensitive_rename;
				TEST_TARGET_NAME = TheWordGame;
			};
			name = Release;
		};
/* End XCBuildConfiguration section */

/* Begin XCConfigurationList section */
		D67774C91D1C392B0051C634 /* Build configuration list for PBXProject "TheWordGame" */ = {
			isa = XCConfigurationList;
			buildConfigurations = (
				D67774F71D1C392B0051C634 /* Debug */,
				D67774F81D1C392B0051C634 /* Release */,
			);
			defaultConfigurationIsVisible = 0;
			defaultConfigurationName = Release;
		};
		D67774F91D1C392B0051C634 /* Build configuration list for PBXNativeTarget "TheWordGame" */ = {
			isa = XCConfigurationList;
			buildConfigurations = (
				D67774FA1D1C392B0051C634 /* Debug */,
				D67774FB1D1C392B0051C634 /* Release */,
			);
			defaultConfigurationIsVisible = 0;
			defaultConfigurationName = Release;
		};
		D67774FC1D1C392B0051C634 /* Build configuration list for PBXNativeTarget "TheWordGameTests" */ = {
			isa = XCConfigurationList;
			buildConfigurations = (
				D67774FD1D1C392B0051C634 /* Debug */,
				D67774FE1D1C392B0051C634 /* Release */,
			);
			defaultConfigurationIsVisible = 0;
			defaultConfigurationName = Release;
		};
		D67774FF1D1C392B0051C634 /* Build configuration list for PBXNativeTarget "TheWordGameUITests" */ = {
			isa = XCConfigurationList;
			buildConfigurations = (
				D67775001D1C392B0051C634 /* Debug */,
				D67775011D1C392B0051C634 /* Release */,
			);
			defaultConfigurationIsVisible = 0;
			defaultConfigurationName = Release;
		};
/* End XCConfigurationList section */

/* Begin XCVersionGroup section */
		D67774D81D1C392B0051C634 /* testing_animations.xcdatamodeld */ = {
			isa = XCVersionGroup;
			children = (
				D67774D91D1C392B0051C634 /* testing_animations.xcdatamodel */,
			);
			currentVersion = D67774D91D1C392B0051C634 /* testing_animations.xcdatamodel */;
			path = testing_animations.xcdatamodeld;
			sourceTree = "<group>";
			versionGroupType = wrapper.xcdatamodel;
		};
/* End XCVersionGroup section */
	};
	rootObject = D67774C61D1C392B0051C634 /* Project object */;
}
