// !$*UTF8*$!
{
	archiveVersion = 1;
	classes = {
	};
	objectVersion = 46;
	objects = {

/* Begin PBXBuildFile section */
		B30227B71D9B42DE000694EE /* GameScene.swift in Sources */ = {isa = PBXBuildFile; fileRef = B30227B61D9B42DE000694EE /* GameScene.swift */; };
		B30227BA1D9B4393000694EE /* CelebrationParticleSystem.scnp in Resources */ = {isa = PBXBuildFile; fileRef = B30227B81D9B4393000694EE /* CelebrationParticleSystem.scnp */; };
		B30227BB1D9B4393000694EE /* spark.png in Resources */ = {isa = PBXBuildFile; fileRef = B30227B91D9B4393000694EE /* spark.png */; };
		B30227BD1D9B45A1000694EE /* ConfettiParticle.sks in Resources */ = {isa = PBXBuildFile; fileRef = B30227BC1D9B45A1000694EE /* ConfettiParticle.sks */; };
		B30227BF1D9B45D1000694EE /* Actions.sks in Resources */ = {isa = PBXBuildFile; fileRef = B30227BE1D9B45D1000694EE /* Actions.sks */; };
		B30227C11D9B45DE000694EE /* GameScene.sks in Resources */ = {isa = PBXBuildFile; fileRef = B30227C01D9B45DE000694EE /* GameScene.sks */; };
		B30539331DA561B400D6F19B /* wrong.mp3 in Resources */ = {isa = PBXBuildFile; fileRef = B30539321DA561B400D6F19B /* wrong.mp3 */; };
		B30539391DA56D0200D6F19B /* correctSwipe.mp3 in Resources */ = {isa = PBXBuildFile; fileRef = B30539381DA56D0200D6F19B /* correctSwipe.mp3 */; };
		B31DBDD61DA464FC005CB1AF /* initialCountdown.mp3 in Resources */ = {isa = PBXBuildFile; fileRef = B31DBDD51DA464FC005CB1AF /* initialCountdown.mp3 */; };
		B32AF2661D458AC60097AFD2 /* TransitionManager.swift in Sources */ = {isa = PBXBuildFile; fileRef = B32AF2651D458AC60097AFD2 /* TransitionManager.swift */; };
		B32BA8031DB0634A0017447C /* TutorialPopUp+CoreDataClass.swift in Sources */ = {isa = PBXBuildFile; fileRef = B32BA8011DB0634A0017447C /* TutorialPopUp+CoreDataClass.swift */; };
		B32BA8041DB0634A0017447C /* TutorialPopUp+CoreDataProperties.swift in Sources */ = {isa = PBXBuildFile; fileRef = B32BA8021DB0634A0017447C /* TutorialPopUp+CoreDataProperties.swift */; };
		B34D04E61DA45D8600BD7EE8 /* countdown.mp3 in Resources */ = {isa = PBXBuildFile; fileRef = B34D04E51DA45D8600BD7EE8 /* countdown.mp3 */; };
		B360F6611DA0A5AA00415ECB /* celebrationMusic.mp3 in Resources */ = {isa = PBXBuildFile; fileRef = B360F6601DA0A5AA00415ECB /* celebrationMusic.mp3 */; };
		B3634F451D6FD9E10060D517 /* ButtonTapped.wav in Resources */ = {isa = PBXBuildFile; fileRef = B3634F441D6FD9E10060D517 /* ButtonTapped.wav */; };
		B3634F491D6FE2AE0060D517 /* winner.mp3 in Resources */ = {isa = PBXBuildFile; fileRef = B3634F481D6FE2AE0060D517 /* winner.mp3 */; };
		B3634F4B1D6FED580060D517 /* Alert.mp3 in Resources */ = {isa = PBXBuildFile; fileRef = B3634F4A1D6FED580060D517 /* Alert.mp3 */; };
		B36733721D7F086000BA177B /* iap_product_ids.plist in Resources */ = {isa = PBXBuildFile; fileRef = B36733711D7F086000BA177B /* iap_product_ids.plist */; };
		B36733741D7F3CD100BA177B /* spashScreenViewController.swift in Sources */ = {isa = PBXBuildFile; fileRef = B36733731D7F3CD100BA177B /* spashScreenViewController.swift */; };
		B37609061D675AA900A678A1 /* LaunchScreen.storyboard in Resources */ = {isa = PBXBuildFile; fileRef = B37609051D675AA900A678A1 /* LaunchScreen.storyboard */; };
		B381D5BE1D7E0DDF00E40B45 /* TheWordGameUITests.swift in Sources */ = {isa = PBXBuildFile; fileRef = B381D5BD1D7E0DDF00E40B45 /* TheWordGameUITests.swift */; };
		B381D5C31D7E0E3900E40B45 /* thewordgame.xcdatamodeld in Sources */ = {isa = PBXBuildFile; fileRef = B381D5C11D7E0E3900E40B45 /* thewordgame.xcdatamodeld */; };
		B392F42C1D66112F00F3748A /* RulesTransitionManager.swift in Sources */ = {isa = PBXBuildFile; fileRef = B392F42B1D66112F00F3748A /* RulesTransitionManager.swift */; };
		B392F42E1D66146100F3748A /* RulesViewController.swift in Sources */ = {isa = PBXBuildFile; fileRef = B392F42D1D66146100F3748A /* RulesViewController.swift */; };
		B39C3D071D7A4B2800636B85 /* Category.swift in Sources */ = {isa = PBXBuildFile; fileRef = B39C3D061D7A4B2800636B85 /* Category.swift */; };
		B39E2A031D7E05CC00F59C4F /* Default-568h@2x.png in Resources */ = {isa = PBXBuildFile; fileRef = B39E2A021D7E05CC00F59C4F /* Default-568h@2x.png */; };
		B3A158971DB7F20A0029AC63 /* Reachability.m in Sources */ = {isa = PBXBuildFile; fileRef = B3A158961DB7F20A0029AC63 /* Reachability.m */; };
		B3A1D1961D760D720062D7BA /* swipeSoundEffect.mp3 in Resources */ = {isa = PBXBuildFile; fileRef = B3A1D1951D760D720062D7BA /* swipeSoundEffect.mp3 */; };
		B3AB51BA1D89D90E0003B09F /* GameViewController.swift in Sources */ = {isa = PBXBuildFile; fileRef = B3AB51B91D89D90E0003B09F /* GameViewController.swift */; };
		B3C3835D1D7E0FFA0020C9DB /* IAPManager.swift in Sources */ = {isa = PBXBuildFile; fileRef = B3C3835C1D7E0FFA0020C9DB /* IAPManager.swift */; };
		B3E23CC81D907F5B0038A761 /* SummaryViewController.swift in Sources */ = {isa = PBXBuildFile; fileRef = B3E23CC71D907F5B0038A761 /* SummaryViewController.swift */; };
		B3E3318A1DA81AAC0087C7B7 /* BubblePop.mp3 in Resources */ = {isa = PBXBuildFile; fileRef = B3E331891DA81AAC0087C7B7 /* BubblePop.mp3 */; };
		B3F39C6B1D46722B0049F8FB /* GameScreenTransitionManager.swift in Sources */ = {isa = PBXBuildFile; fileRef = B3F39C6A1D46722B0049F8FB /* GameScreenTransitionManager.swift */; };
		B3F48AD01D89AF460052AA32 /* StoreKit.framework in Frameworks */ = {isa = PBXBuildFile; fileRef = B3F48ACF1D89AF460052AA32 /* StoreKit.framework */; };
		B413DBDE1D2DF1900006FB9D /* Game.swift in Sources */ = {isa = PBXBuildFile; fileRef = B413DBDD1D2DF1900006FB9D /* Game.swift */; };
		D604D4801D21839B00FBCC2B /* DetailViewController.swift in Sources */ = {isa = PBXBuildFile; fileRef = D604D47F1D21839B00FBCC2B /* DetailViewController.swift */; };
		D62296C21D5832E600B131D7 /* CategoriesTransitionManager.swift in Sources */ = {isa = PBXBuildFile; fileRef = D62296C11D5832E600B131D7 /* CategoriesTransitionManager.swift */; };
		D6249F371D9B6D5B00173C78 /* CelebrationViewController.swift in Sources */ = {isa = PBXBuildFile; fileRef = D6249F361D9B6D5B00173C78 /* CelebrationViewController.swift */; };
		D67774D21D1C392B0051C634 /* AppDelegate.swift in Sources */ = {isa = PBXBuildFile; fileRef = D67774D11D1C392B0051C634 /* AppDelegate.swift */; };
		D67774D41D1C392B0051C634 /* CategoriesViewController.swift in Sources */ = {isa = PBXBuildFile; fileRef = D67774D31D1C392B0051C634 /* CategoriesViewController.swift */; };
		D67774D71D1C392B0051C634 /* Main.storyboard in Resources */ = {isa = PBXBuildFile; fileRef = D67774D51D1C392B0051C634 /* Main.storyboard */; };
		D67774DC1D1C392B0051C634 /* Assets.xcassets in Resources */ = {isa = PBXBuildFile; fileRef = D67774DB1D1C392B0051C634 /* Assets.xcassets */; };
		D67774EA1D1C392B0051C634 /* TheWordGameTests.swift in Sources */ = {isa = PBXBuildFile; fileRef = D67774E91D1C392B0051C634 /* TheWordGameTests.swift */; };
		D67775031D1C4FDC0051C634 /* CollectionViewCell.swift in Sources */ = {isa = PBXBuildFile; fileRef = D67775021D1C4FDC0051C634 /* CollectionViewCell.swift */; };
/* End PBXBuildFile section */

/* Begin PBXContainerItemProxy section */
		D67774E61D1C392B0051C634 /* PBXContainerItemProxy */ = {
			isa = PBXContainerItemProxy;
			containerPortal = D67774C61D1C392B0051C634 /* Project object */;
			proxyType = 1;
			remoteGlobalIDString = D67774CD1D1C392B0051C634;
			remoteInfo = "testing-animations";
		};
		D67774F11D1C392B0051C634 /* PBXContainerItemProxy */ = {
			isa = PBXContainerItemProxy;
			containerPortal = D67774C61D1C392B0051C634 /* Project object */;
			proxyType = 1;
			remoteGlobalIDString = D67774CD1D1C392B0051C634;
			remoteInfo = "testing-animations";
		};
/* End PBXContainerItemProxy section */

/* Begin PBXFileReference section */
		B30227B61D9B42DE000694EE /* GameScene.swift */ = {isa = PBXFileReference; fileEncoding = 4; lastKnownFileType = sourcecode.swift; name = GameScene.swift; path = ../GameScene.swift; sourceTree = "<group>"; };
		B30227B81D9B4393000694EE /* CelebrationParticleSystem.scnp */ = {isa = PBXFileReference; lastKnownFileType = file.scp; name = CelebrationParticleSystem.scnp; path = ../CelebrationParticleSystem.scnp; sourceTree = "<group>"; };
		B30227B91D9B4393000694EE /* spark.png */ = {isa = PBXFileReference; lastKnownFileType = image.png; name = spark.png; path = ../spark.png; sourceTree = "<group>"; };
		B30227BC1D9B45A1000694EE /* ConfettiParticle.sks */ = {isa = PBXFileReference; lastKnownFileType = file.sks; path = ConfettiParticle.sks; sourceTree = "<group>"; };
		B30227BE1D9B45D1000694EE /* Actions.sks */ = {isa = PBXFileReference; lastKnownFileType = file.sks; path = Actions.sks; sourceTree = "<group>"; };
		B30227C01D9B45DE000694EE /* GameScene.sks */ = {isa = PBXFileReference; lastKnownFileType = file.sks; path = GameScene.sks; sourceTree = "<group>"; };
		B30539321DA561B400D6F19B /* wrong.mp3 */ = {isa = PBXFileReference; lastKnownFileType = audio.mp3; path = wrong.mp3; sourceTree = "<group>"; };
		B30539381DA56D0200D6F19B /* correctSwipe.mp3 */ = {isa = PBXFileReference; lastKnownFileType = audio.mp3; path = correctSwipe.mp3; sourceTree = "<group>"; };
		B31DBDD51DA464FC005CB1AF /* initialCountdown.mp3 */ = {isa = PBXFileReference; lastKnownFileType = audio.mp3; path = initialCountdown.mp3; sourceTree = "<group>"; };
		B32AF2651D458AC60097AFD2 /* TransitionManager.swift */ = {isa = PBXFileReference; fileEncoding = 4; lastKnownFileType = sourcecode.swift; path = TransitionManager.swift; sourceTree = "<group>"; };
		B32BA8011DB0634A0017447C /* TutorialPopUp+CoreDataClass.swift */ = {isa = PBXFileReference; fileEncoding = 4; lastKnownFileType = sourcecode.swift; name = "TutorialPopUp+CoreDataClass.swift"; path = "../TutorialPopUp+CoreDataClass.swift"; sourceTree = "<group>"; };
		B32BA8021DB0634A0017447C /* TutorialPopUp+CoreDataProperties.swift */ = {isa = PBXFileReference; fileEncoding = 4; lastKnownFileType = sourcecode.swift; name = "TutorialPopUp+CoreDataProperties.swift"; path = "../TutorialPopUp+CoreDataProperties.swift"; sourceTree = "<group>"; };
		B34D04E51DA45D8600BD7EE8 /* countdown.mp3 */ = {isa = PBXFileReference; lastKnownFileType = audio.mp3; path = countdown.mp3; sourceTree = "<group>"; };
		B360F6601DA0A5AA00415ECB /* celebrationMusic.mp3 */ = {isa = PBXFileReference; lastKnownFileType = audio.mp3; path = celebrationMusic.mp3; sourceTree = "<group>"; };
		B3634F441D6FD9E10060D517 /* ButtonTapped.wav */ = {isa = PBXFileReference; lastKnownFileType = audio.wav; path = ButtonTapped.wav; sourceTree = "<group>"; };
		B3634F481D6FE2AE0060D517 /* winner.mp3 */ = {isa = PBXFileReference; lastKnownFileType = audio.mp3; path = winner.mp3; sourceTree = "<group>"; };
		B3634F4A1D6FED580060D517 /* Alert.mp3 */ = {isa = PBXFileReference; lastKnownFileType = audio.mp3; path = Alert.mp3; sourceTree = "<group>"; };
		B36733711D7F086000BA177B /* iap_product_ids.plist */ = {isa = PBXFileReference; fileEncoding = 4; lastKnownFileType = text.plist.xml; name = iap_product_ids.plist; path = ../iap_product_ids.plist; sourceTree = "<group>"; };
		B36733731D7F3CD100BA177B /* spashScreenViewController.swift */ = {isa = PBXFileReference; fileEncoding = 4; lastKnownFileType = sourcecode.swift; path = spashScreenViewController.swift; sourceTree = "<group>"; };
		B37609051D675AA900A678A1 /* LaunchScreen.storyboard */ = {isa = PBXFileReference; fileEncoding = 4; lastKnownFileType = file.storyboard; path = LaunchScreen.storyboard; sourceTree = "<group>"; };
		B381D5BD1D7E0DDF00E40B45 /* TheWordGameUITests.swift */ = {isa = PBXFileReference; fileEncoding = 4; lastKnownFileType = sourcecode.swift; path = TheWordGameUITests.swift; sourceTree = "<group>"; };
		B381D5C21D7E0E3900E40B45 /* testing_animations.xcdatamodel */ = {isa = PBXFileReference; lastKnownFileType = wrapper.xcdatamodel; path = testing_animations.xcdatamodel; sourceTree = "<group>"; };
		B392F42B1D66112F00F3748A /* RulesTransitionManager.swift */ = {isa = PBXFileReference; fileEncoding = 4; lastKnownFileType = sourcecode.swift; path = RulesTransitionManager.swift; sourceTree = "<group>"; };
		B392F42D1D66146100F3748A /* RulesViewController.swift */ = {isa = PBXFileReference; fileEncoding = 4; lastKnownFileType = sourcecode.swift; path = RulesViewController.swift; sourceTree = "<group>"; };
		B39C3D061D7A4B2800636B85 /* Category.swift */ = {isa = PBXFileReference; fileEncoding = 4; lastKnownFileType = sourcecode.swift; name = Category.swift; path = ../Category.swift; sourceTree = "<group>"; };
		B39E2A021D7E05CC00F59C4F /* Default-568h@2x.png */ = {isa = PBXFileReference; lastKnownFileType = image.png; name = "Default-568h@2x.png"; path = "../Default-568h@2x.png"; sourceTree = "<group>"; };
		B3A158941DB7F2090029AC63 /* TheWordGame-Bridging-Header.h */ = {isa = PBXFileReference; lastKnownFileType = sourcecode.c.h; path = "TheWordGame-Bridging-Header.h"; sourceTree = "<group>"; };
		B3A158951DB7F20A0029AC63 /* Reachability.h */ = {isa = PBXFileReference; fileEncoding = 4; lastKnownFileType = sourcecode.c.h; path = Reachability.h; sourceTree = "<group>"; };
		B3A158961DB7F20A0029AC63 /* Reachability.m */ = {isa = PBXFileReference; fileEncoding = 4; lastKnownFileType = sourcecode.c.objc; path = Reachability.m; sourceTree = "<group>"; };
		B3A1D1951D760D720062D7BA /* swipeSoundEffect.mp3 */ = {isa = PBXFileReference; lastKnownFileType = audio.mp3; path = swipeSoundEffect.mp3; sourceTree = "<group>"; };
		B3AB51B91D89D90E0003B09F /* GameViewController.swift */ = {isa = PBXFileReference; fileEncoding = 4; lastKnownFileType = sourcecode.swift; name = GameViewController.swift; path = ../GameViewController.swift; sourceTree = "<group>"; };
		B3C3835C1D7E0FFA0020C9DB /* IAPManager.swift */ = {isa = PBXFileReference; fileEncoding = 4; lastKnownFileType = sourcecode.swift; path = IAPManager.swift; sourceTree = "<group>"; };
		B3E23CC71D907F5B0038A761 /* SummaryViewController.swift */ = {isa = PBXFileReference; fileEncoding = 4; lastKnownFileType = sourcecode.swift; name = SummaryViewController.swift; path = ../SummaryViewController.swift; sourceTree = "<group>"; };
		B3E331891DA81AAC0087C7B7 /* BubblePop.mp3 */ = {isa = PBXFileReference; lastKnownFileType = audio.mp3; path = BubblePop.mp3; sourceTree = "<group>"; };
		B3F39C6A1D46722B0049F8FB /* GameScreenTransitionManager.swift */ = {isa = PBXFileReference; fileEncoding = 4; lastKnownFileType = sourcecode.swift; path = GameScreenTransitionManager.swift; sourceTree = "<group>"; };
		B3F48ACF1D89AF460052AA32 /* StoreKit.framework */ = {isa = PBXFileReference; lastKnownFileType = wrapper.framework; name = StoreKit.framework; path = System/Library/Frameworks/StoreKit.framework; sourceTree = SDKROOT; };
		B413DBDD1D2DF1900006FB9D /* Game.swift */ = {isa = PBXFileReference; fileEncoding = 4; lastKnownFileType = sourcecode.swift; path = Game.swift; sourceTree = "<group>"; };
		D604D47F1D21839B00FBCC2B /* DetailViewController.swift */ = {isa = PBXFileReference; fileEncoding = 4; lastKnownFileType = sourcecode.swift; path = DetailViewController.swift; sourceTree = "<group>"; };
		D62296C11D5832E600B131D7 /* CategoriesTransitionManager.swift */ = {isa = PBXFileReference; fileEncoding = 4; lastKnownFileType = sourcecode.swift; path = CategoriesTransitionManager.swift; sourceTree = "<group>"; };
		D6249F361D9B6D5B00173C78 /* CelebrationViewController.swift */ = {isa = PBXFileReference; fileEncoding = 4; lastKnownFileType = sourcecode.swift; path = CelebrationViewController.swift; sourceTree = "<group>"; };
		D67774CE1D1C392B0051C634 /* TheWordGame.app */ = {isa = PBXFileReference; explicitFileType = wrapper.application; includeInIndex = 0; path = TheWordGame.app; sourceTree = BUILT_PRODUCTS_DIR; };
		D67774D11D1C392B0051C634 /* AppDelegate.swift */ = {isa = PBXFileReference; lastKnownFileType = sourcecode.swift; path = AppDelegate.swift; sourceTree = "<group>"; };
		D67774D31D1C392B0051C634 /* CategoriesViewController.swift */ = {isa = PBXFileReference; lastKnownFileType = sourcecode.swift; path = CategoriesViewController.swift; sourceTree = "<group>"; };
		D67774D61D1C392B0051C634 /* Base */ = {isa = PBXFileReference; lastKnownFileType = file.storyboard; name = Base; path = Base.lproj/Main.storyboard; sourceTree = "<group>"; };
		D67774DB1D1C392B0051C634 /* Assets.xcassets */ = {isa = PBXFileReference; lastKnownFileType = folder.assetcatalog; path = Assets.xcassets; sourceTree = "<group>"; };
		D67774E01D1C392B0051C634 /* Info.plist */ = {isa = PBXFileReference; lastKnownFileType = text.plist.xml; path = Info.plist; sourceTree = "<group>"; };
		D67774E51D1C392B0051C634 /* TheWordGame.xctest */ = {isa = PBXFileReference; explicitFileType = wrapper.cfbundle; includeInIndex = 0; path = TheWordGame.xctest; sourceTree = BUILT_PRODUCTS_DIR; };
		D67774E91D1C392B0051C634 /* TheWordGameTests.swift */ = {isa = PBXFileReference; lastKnownFileType = sourcecode.swift; path = TheWordGameTests.swift; sourceTree = "<group>"; };
		D67774EB1D1C392B0051C634 /* Info.plist */ = {isa = PBXFileReference; lastKnownFileType = text.plist.xml; path = Info.plist; sourceTree = "<group>"; };
		D67774F01D1C392B0051C634 /* TheWordGame.xctest */ = {isa = PBXFileReference; explicitFileType = wrapper.cfbundle; includeInIndex = 0; path = TheWordGame.xctest; sourceTree = BUILT_PRODUCTS_DIR; };
		D67774F61D1C392B0051C634 /* Info.plist */ = {isa = PBXFileReference; lastKnownFileType = text.plist.xml; path = Info.plist; sourceTree = "<group>"; };
		D67775021D1C4FDC0051C634 /* CollectionViewCell.swift */ = {isa = PBXFileReference; fileEncoding = 4; lastKnownFileType = sourcecode.swift; name = CollectionViewCell.swift; path = ../CollectionViewCell.swift; sourceTree = "<group>"; };
/* End PBXFileReference section */

/* Begin PBXFrameworksBuildPhase section */
		D67774CB1D1C392B0051C634 /* Frameworks */ = {
			isa = PBXFrameworksBuildPhase;
			buildActionMask = 2147483647;
			files = (
				B3F48AD01D89AF460052AA32 /* StoreKit.framework in Frameworks */,
			);
			runOnlyForDeploymentPostprocessing = 0;
		};
		D67774E21D1C392B0051C634 /* Frameworks */ = {
			isa = PBXFrameworksBuildPhase;
			buildActionMask = 2147483647;
			files = (
			);
			runOnlyForDeploymentPostprocessing = 0;
		};
		D67774ED1D1C392B0051C634 /* Frameworks */ = {
			isa = PBXFrameworksBuildPhase;
			buildActionMask = 2147483647;
			files = (
			);
			runOnlyForDeploymentPostprocessing = 0;
		};
/* End PBXFrameworksBuildPhase section */

/* Begin PBXGroup section */
		B30227B51D9B4289000694EE /* Celebration Files */ = {
			isa = PBXGroup;
			children = (
				B30227BE1D9B45D1000694EE /* Actions.sks */,
				B30227BC1D9B45A1000694EE /* ConfettiParticle.sks */,
				B30227B81D9B4393000694EE /* CelebrationParticleSystem.scnp */,
				B30227C01D9B45DE000694EE /* GameScene.sks */,
				B30227B91D9B4393000694EE /* spark.png */,
				B30227B61D9B42DE000694EE /* GameScene.swift */,
			);
			name = "Celebration Files";
			sourceTree = "<group>";
		};
		B35659051D6F9D87003E7DCD /* Sound Effects */ = {
			isa = PBXGroup;
			children = (
				B3E331891DA81AAC0087C7B7 /* BubblePop.mp3 */,
				B30539381DA56D0200D6F19B /* correctSwipe.mp3 */,
				B30539321DA561B400D6F19B /* wrong.mp3 */,
				B31DBDD51DA464FC005CB1AF /* initialCountdown.mp3 */,
				B34D04E51DA45D8600BD7EE8 /* countdown.mp3 */,
				B360F6601DA0A5AA00415ECB /* celebrationMusic.mp3 */,
				B3A1D1951D760D720062D7BA /* swipeSoundEffect.mp3 */,
				B3634F4A1D6FED580060D517 /* Alert.mp3 */,
				B3634F481D6FE2AE0060D517 /* winner.mp3 */,
				B3634F441D6FD9E10060D517 /* ButtonTapped.wav */,
			);
			name = "Sound Effects";
			sourceTree = "<group>";
		};
		B37786021D494B1E00639A8B /* Transition Managers */ = {
			isa = PBXGroup;
			children = (
				B32AF2651D458AC60097AFD2 /* TransitionManager.swift */,
				B392F42B1D66112F00F3748A /* RulesTransitionManager.swift */,
				B3F39C6A1D46722B0049F8FB /* GameScreenTransitionManager.swift */,
				D62296C11D5832E600B131D7 /* CategoriesTransitionManager.swift */,
			);
			name = "Transition Managers";
			sourceTree = "<group>";
		};
		B3A158981DB7F2130029AC63 /* Reachability */ = {
			isa = PBXGroup;
			children = (
				B3A158941DB7F2090029AC63 /* TheWordGame-Bridging-Header.h */,
				B3A158951DB7F20A0029AC63 /* Reachability.h */,
				B3A158961DB7F20A0029AC63 /* Reachability.m */,
			);
			name = Reachability;
			sourceTree = "<group>";
		};
		B3F39C6C1D4672D80049F8FB /* View Controllers */ = {
			isa = PBXGroup;
			children = (
				B36733731D7F3CD100BA177B /* spashScreenViewController.swift */,
				B392F42D1D66146100F3748A /* RulesViewController.swift */,
				D67774D31D1C392B0051C634 /* CategoriesViewController.swift */,
				D604D47F1D21839B00FBCC2B /* DetailViewController.swift */,
				B3AB51B91D89D90E0003B09F /* GameViewController.swift */,
				B3E23CC71D907F5B0038A761 /* SummaryViewController.swift */,
				D6249F361D9B6D5B00173C78 /* CelebrationViewController.swift */,
			);
			name = "View Controllers";
			sourceTree = "<group>";
		};
		B3F48ACE1D89AF460052AA32 /* Frameworks */ = {
			isa = PBXGroup;
			children = (
				B3F48ACF1D89AF460052AA32 /* StoreKit.framework */,
			);
			name = Frameworks;
			sourceTree = "<group>";
		};
		D67774C51D1C392B0051C634 = {
			isa = PBXGroup;
			children = (
				D67774D01D1C392B0051C634 /* thewordgame */,
				D67774E81D1C392B0051C634 /* TheWordGameTests */,
				D67774F31D1C392B0051C634 /* TheWordGameUITests */,
				D67774CF1D1C392B0051C634 /* Products */,
				B3F48ACE1D89AF460052AA32 /* Frameworks */,
			);
			sourceTree = "<group>";
		};
		D67774CF1D1C392B0051C634 /* Products */ = {
			isa = PBXGroup;
			children = (
				D67774CE1D1C392B0051C634 /* TheWordGame.app */,
				D67774E51D1C392B0051C634 /* TheWordGame.xctest */,
				D67774F01D1C392B0051C634 /* TheWordGame.xctest */,
			);
			name = Products;
			path = TheWordGame;
			sourceTree = "<group>";
		};
		D67774D01D1C392B0051C634 /* thewordgame */ = {
			isa = PBXGroup;
			children = (
				B3A158981DB7F2130029AC63 /* Reachability */,
				B32BA8011DB0634A0017447C /* TutorialPopUp+CoreDataClass.swift */,
				B32BA8021DB0634A0017447C /* TutorialPopUp+CoreDataProperties.swift */,
				D67774D11D1C392B0051C634 /* AppDelegate.swift */,
				B35659051D6F9D87003E7DCD /* Sound Effects */,
				B3F39C6C1D4672D80049F8FB /* View Controllers */,
				B30227B51D9B4289000694EE /* Celebration Files */,
				B36733711D7F086000BA177B /* iap_product_ids.plist */,
				B3C3835C1D7E0FFA0020C9DB /* IAPManager.swift */,
				B39C3D061D7A4B2800636B85 /* Category.swift */,
				B413DBDD1D2DF1900006FB9D /* Game.swift */,
				D67775021D1C4FDC0051C634 /* CollectionViewCell.swift */,
				D67774D51D1C392B0051C634 /* Main.storyboard */,
				B39E2A021D7E05CC00F59C4F /* Default-568h@2x.png */,
				B37786021D494B1E00639A8B /* Transition Managers */,
				D67774DB1D1C392B0051C634 /* Assets.xcassets */,
				D67774E01D1C392B0051C634 /* Info.plist */,
				B381D5C11D7E0E3900E40B45 /* thewordgame.xcdatamodeld */,
				B37609051D675AA900A678A1 /* LaunchScreen.storyboard */,
			);
			name = thewordgame;
			path = TheWordGame;
			sourceTree = "<group>";
		};
		D67774E81D1C392B0051C634 /* TheWordGameTests */ = {
			isa = PBXGroup;
			children = (
				D67774E91D1C392B0051C634 /* TheWordGameTests.swift */,
				D67774EB1D1C392B0051C634 /* Info.plist */,
			);
			path = TheWordGameTests;
			sourceTree = "<group>";
		};
		D67774F31D1C392B0051C634 /* TheWordGameUITests */ = {
			isa = PBXGroup;
			children = (
				B381D5BD1D7E0DDF00E40B45 /* TheWordGameUITests.swift */,
				D67774F61D1C392B0051C634 /* Info.plist */,
			);
			path = TheWordGameUITests;
			sourceTree = "<group>";
		};
/* End PBXGroup section */

/* Begin PBXNativeTarget section */
		D67774CD1D1C392B0051C634 /* TheWordGame */ = {
			isa = PBXNativeTarget;
			buildConfigurationList = D67774F91D1C392B0051C634 /* Build configuration list for PBXNativeTarget "TheWordGame" */;
			buildPhases = (
				D67774CA1D1C392B0051C634 /* Sources */,
				D67774CB1D1C392B0051C634 /* Frameworks */,
				D67774CC1D1C392B0051C634 /* Resources */,
			);
			buildRules = (
			);
			dependencies = (
			);
			name = TheWordGame;
			productName = "testing-animations";
			productReference = D67774CE1D1C392B0051C634 /* TheWordGame.app */;
			productType = "com.apple.product-type.application";
		};
		D67774E41D1C392B0051C634 /* TheWordGameTests */ = {
			isa = PBXNativeTarget;
			buildConfigurationList = D67774FC1D1C392B0051C634 /* Build configuration list for PBXNativeTarget "TheWordGameTests" */;
			buildPhases = (
				D67774E11D1C392B0051C634 /* Sources */,
				D67774E21D1C392B0051C634 /* Frameworks */,
				D67774E31D1C392B0051C634 /* Resources */,
			);
			buildRules = (
			);
			dependencies = (
				D67774E71D1C392B0051C634 /* PBXTargetDependency */,
			);
			name = TheWordGameTests;
			productName = "testing-animationsTests";
			productReference = D67774E51D1C392B0051C634 /* TheWordGame.xctest */;
			productType = "com.apple.product-type.bundle.unit-test";
		};
		D67774EF1D1C392B0051C634 /* TheWordGameUITests */ = {
			isa = PBXNativeTarget;
			buildConfigurationList = D67774FF1D1C392B0051C634 /* Build configuration list for PBXNativeTarget "TheWordGameUITests" */;
			buildPhases = (
				D67774EC1D1C392B0051C634 /* Sources */,
				D67774ED1D1C392B0051C634 /* Frameworks */,
				D67774EE1D1C392B0051C634 /* Resources */,
			);
			buildRules = (
			);
			dependencies = (
				D67774F21D1C392B0051C634 /* PBXTargetDependency */,
			);
			name = TheWordGameUITests;
			productName = "testing-animationsUITests";
			productReference = D67774F01D1C392B0051C634 /* TheWordGame.xctest */;
			productType = "com.apple.product-type.bundle.ui-testing";
		};
/* End PBXNativeTarget section */

/* Begin PBXProject section */
		D67774C61D1C392B0051C634 /* Project object */ = {
			isa = PBXProject;
			attributes = {
				LastSwiftUpdateCheck = 0730;
				LastUpgradeCheck = 0800;
				ORGANIZATIONNAME = "Daniel Castro";
				TargetAttributes = {
					D67774CD1D1C392B0051C634 = {
						CreatedOnToolsVersion = 7.3.1;
						DevelopmentTeam = 2PRLD92U5Y;
						LastSwiftMigration = 0800;
						SystemCapabilities = {
							com.apple.InAppPurchase = {
								enabled = 1;
							};
						};
					};
					D67774E41D1C392B0051C634 = {
						CreatedOnToolsVersion = 7.3.1;
						LastSwiftMigration = 0800;
						TestTargetID = D67774CD1D1C392B0051C634;
					};
					D67774EF1D1C392B0051C634 = {
						CreatedOnToolsVersion = 7.3.1;
						LastSwiftMigration = 0800;
						TestTargetID = D67774CD1D1C392B0051C634;
					};
				};
			};
			buildConfigurationList = D67774C91D1C392B0051C634 /* Build configuration list for PBXProject "TheWordGame" */;
			compatibilityVersion = "Xcode 3.2";
			developmentRegion = English;
			hasScannedForEncodings = 0;
			knownRegions = (
				en,
				Base,
			);
			mainGroup = D67774C51D1C392B0051C634;
			productRefGroup = D67774CF1D1C392B0051C634 /* Products */;
			projectDirPath = "";
			projectRoot = "";
			targets = (
				D67774CD1D1C392B0051C634 /* TheWordGame */,
				D67774E41D1C392B0051C634 /* TheWordGameTests */,
				D67774EF1D1C392B0051C634 /* TheWordGameUITests */,
			);
		};
/* End PBXProject section */

/* Begin PBXResourcesBuildPhase section */
		D67774CC1D1C392B0051C634 /* Resources */ = {
			isa = PBXResourcesBuildPhase;
			buildActionMask = 2147483647;
			files = (
				B30227BD1D9B45A1000694EE /* ConfettiParticle.sks in Resources */,
				B3634F4B1D6FED580060D517 /* Alert.mp3 in Resources */,
				B37609061D675AA900A678A1 /* LaunchScreen.storyboard in Resources */,
				B30227C11D9B45DE000694EE /* GameScene.sks in Resources */,
				B30227BF1D9B45D1000694EE /* Actions.sks in Resources */,
				B360F6611DA0A5AA00415ECB /* celebrationMusic.mp3 in Resources */,
				B39E2A031D7E05CC00F59C4F /* Default-568h@2x.png in Resources */,
				B3634F491D6FE2AE0060D517 /* winner.mp3 in Resources */,
				B30227BB1D9B4393000694EE /* spark.png in Resources */,
				D67774DC1D1C392B0051C634 /* Assets.xcassets in Resources */,
				B34D04E61DA45D8600BD7EE8 /* countdown.mp3 in Resources */,
				B36733721D7F086000BA177B /* iap_product_ids.plist in Resources */,
				B31DBDD61DA464FC005CB1AF /* initialCountdown.mp3 in Resources */,
				B30539391DA56D0200D6F19B /* correctSwipe.mp3 in Resources */,
				B3634F451D6FD9E10060D517 /* ButtonTapped.wav in Resources */,
				B30539331DA561B400D6F19B /* wrong.mp3 in Resources */,
				B30227BA1D9B4393000694EE /* CelebrationParticleSystem.scnp in Resources */,
				D67774D71D1C392B0051C634 /* Main.storyboard in Resources */,
				B3E3318A1DA81AAC0087C7B7 /* BubblePop.mp3 in Resources */,
				B3A1D1961D760D720062D7BA /* swipeSoundEffect.mp3 in Resources */,
			);
			runOnlyForDeploymentPostprocessing = 0;
		};
		D67774E31D1C392B0051C634 /* Resources */ = {
			isa = PBXResourcesBuildPhase;
			buildActionMask = 2147483647;
			files = (
			);
			runOnlyForDeploymentPostprocessing = 0;
		};
		D67774EE1D1C392B0051C634 /* Resources */ = {
			isa = PBXResourcesBuildPhase;
			buildActionMask = 2147483647;
			files = (
			);
			runOnlyForDeploymentPostprocessing = 0;
		};
/* End PBXResourcesBuildPhase section */

/* Begin PBXSourcesBuildPhase section */
		D67774CA1D1C392B0051C634 /* Sources */ = {
			isa = PBXSourcesBuildPhase;
			buildActionMask = 2147483647;
			files = (
				B32BA8031DB0634A0017447C /* TutorialPopUp+CoreDataClass.swift in Sources */,
				B3C3835D1D7E0FFA0020C9DB /* IAPManager.swift in Sources */,
				D62296C21D5832E600B131D7 /* CategoriesTransitionManager.swift in Sources */,
				B36733741D7F3CD100BA177B /* spashScreenViewController.swift in Sources */,
				D67774D41D1C392B0051C634 /* CategoriesViewController.swift in Sources */,
				B413DBDE1D2DF1900006FB9D /* Game.swift in Sources */,
				B3E23CC81D907F5B0038A761 /* SummaryViewController.swift in Sources */,
				B381D5C31D7E0E3900E40B45 /* thewordgame.xcdatamodeld in Sources */,
				B392F42C1D66112F00F3748A /* RulesTransitionManager.swift in Sources */,
				D604D4801D21839B00FBCC2B /* DetailViewController.swift in Sources */,
				B3A158971DB7F20A0029AC63 /* Reachability.m in Sources */,
				D67775031D1C4FDC0051C634 /* CollectionViewCell.swift in Sources */,
				B3F39C6B1D46722B0049F8FB /* GameScreenTransitionManager.swift in Sources */,
				B30227B71D9B42DE000694EE /* GameScene.swift in Sources */,
				B32AF2661D458AC60097AFD2 /* TransitionManager.swift in Sources */,
				D6249F371D9B6D5B00173C78 /* CelebrationViewController.swift in Sources */,
				B3AB51BA1D89D90E0003B09F /* GameViewController.swift in Sources */,
				B32BA8041DB0634A0017447C /* TutorialPopUp+CoreDataProperties.swift in Sources */,
				B39C3D071D7A4B2800636B85 /* Category.swift in Sources */,
				B392F42E1D66146100F3748A /* RulesViewController.swift in Sources */,
				D67774D21D1C392B0051C634 /* AppDelegate.swift in Sources */,
			);
			runOnlyForDeploymentPostprocessing = 0;
		};
		D67774E11D1C392B0051C634 /* Sources */ = {
			isa = PBXSourcesBuildPhase;
			buildActionMask = 2147483647;
			files = (
				D67774EA1D1C392B0051C634 /* TheWordGameTests.swift in Sources */,
			);
			runOnlyForDeploymentPostprocessing = 0;
		};
		D67774EC1D1C392B0051C634 /* Sources */ = {
			isa = PBXSourcesBuildPhase;
			buildActionMask = 2147483647;
			files = (
				B381D5BE1D7E0DDF00E40B45 /* TheWordGameUITests.swift in Sources */,
			);
			runOnlyForDeploymentPostprocessing = 0;
		};
/* End PBXSourcesBuildPhase section */

/* Begin PBXTargetDependency section */
		D67774E71D1C392B0051C634 /* PBXTargetDependency */ = {
			isa = PBXTargetDependency;
			target = D67774CD1D1C392B0051C634 /* TheWordGame */;
			targetProxy = D67774E61D1C392B0051C634 /* PBXContainerItemProxy */;
		};
		D67774F21D1C392B0051C634 /* PBXTargetDependency */ = {
			isa = PBXTargetDependency;
			target = D67774CD1D1C392B0051C634 /* TheWordGame */;
			targetProxy = D67774F11D1C392B0051C634 /* PBXContainerItemProxy */;
		};
/* End PBXTargetDependency section */

/* Begin PBXVariantGroup section */
		D67774D51D1C392B0051C634 /* Main.storyboard */ = {
			isa = PBXVariantGroup;
			children = (
				D67774D61D1C392B0051C634 /* Base */,
			);
			name = Main.storyboard;
			sourceTree = "<group>";
		};
/* End PBXVariantGroup section */

/* Begin XCBuildConfiguration section */
		D67774F71D1C392B0051C634 /* Debug */ = {
			isa = XCBuildConfiguration;
			buildSettings = {
				ALWAYS_SEARCH_USER_PATHS = NO;
				CLANG_ANALYZER_NONNULL = YES;
				CLANG_CXX_LANGUAGE_STANDARD = "gnu++0x";
				CLANG_CXX_LIBRARY = "libc++";
				CLANG_ENABLE_MODULES = YES;
				CLANG_ENABLE_OBJC_ARC = YES;
				CLANG_WARN_BOOL_CONVERSION = YES;
				CLANG_WARN_CONSTANT_CONVERSION = YES;
				CLANG_WARN_DIRECT_OBJC_ISA_USAGE = YES_ERROR;
				CLANG_WARN_EMPTY_BODY = YES;
				CLANG_WARN_ENUM_CONVERSION = YES;
				CLANG_WARN_INFINITE_RECURSION = YES;
				CLANG_WARN_INT_CONVERSION = YES;
				CLANG_WARN_OBJC_ROOT_CLASS = YES_ERROR;
				CLANG_WARN_SUSPICIOUS_MOVE = YES;
				CLANG_WARN_UNREACHABLE_CODE = YES;
				CLANG_WARN__DUPLICATE_METHOD_MATCH = YES;
				"CODE_SIGN_IDENTITY[sdk=iphoneos*]" = "iPhone Developer";
				COPY_PHASE_STRIP = NO;
				DEBUG_INFORMATION_FORMAT = dwarf;
				ENABLE_STRICT_OBJC_MSGSEND = YES;
				ENABLE_TESTABILITY = YES;
				GCC_C_LANGUAGE_STANDARD = gnu99;
				GCC_DYNAMIC_NO_PIC = NO;
				GCC_NO_COMMON_BLOCKS = YES;
				GCC_OPTIMIZATION_LEVEL = 0;
				GCC_PREPROCESSOR_DEFINITIONS = (
					"DEBUG=1",
					"$(inherited)",
				);
				GCC_WARN_64_TO_32_BIT_CONVERSION = YES;
				GCC_WARN_ABOUT_RETURN_TYPE = YES_ERROR;
				GCC_WARN_UNDECLARED_SELECTOR = YES;
				GCC_WARN_UNINITIALIZED_AUTOS = YES_AGGRESSIVE;
				GCC_WARN_UNUSED_FUNCTION = YES;
				GCC_WARN_UNUSED_VARIABLE = YES;
				IPHONEOS_DEPLOYMENT_TARGET = 9.3;
				MTL_ENABLE_DEBUG_INFO = YES;
				ONLY_ACTIVE_ARCH = YES;
				SDKROOT = iphoneos;
				SWIFT_OPTIMIZATION_LEVEL = "-Onone";
			};
			name = Debug;
		};
		D67774F81D1C392B0051C634 /* Release */ = {
			isa = XCBuildConfiguration;
			buildSettings = {
				ALWAYS_SEARCH_USER_PATHS = NO;
				CLANG_ANALYZER_NONNULL = YES;
				CLANG_CXX_LANGUAGE_STANDARD = "gnu++0x";
				CLANG_CXX_LIBRARY = "libc++";
				CLANG_ENABLE_MODULES = YES;
				CLANG_ENABLE_OBJC_ARC = YES;
				CLANG_WARN_BOOL_CONVERSION = YES;
				CLANG_WARN_CONSTANT_CONVERSION = YES;
				CLANG_WARN_DIRECT_OBJC_ISA_USAGE = YES_ERROR;
				CLANG_WARN_EMPTY_BODY = YES;
				CLANG_WARN_ENUM_CONVERSION = YES;
				CLANG_WARN_INFINITE_RECURSION = YES;
				CLANG_WARN_INT_CONVERSION = YES;
				CLANG_WARN_OBJC_ROOT_CLASS = YES_ERROR;
				CLANG_WARN_SUSPICIOUS_MOVE = YES;
				CLANG_WARN_UNREACHABLE_CODE = YES;
				CLANG_WARN__DUPLICATE_METHOD_MATCH = YES;
				"CODE_SIGN_IDENTITY[sdk=iphoneos*]" = "iPhone Developer";
				COPY_PHASE_STRIP = NO;
				DEBUG_INFORMATION_FORMAT = "dwarf-with-dsym";
				ENABLE_NS_ASSERTIONS = NO;
				ENABLE_STRICT_OBJC_MSGSEND = YES;
				GCC_C_LANGUAGE_STANDARD = gnu99;
				GCC_NO_COMMON_BLOCKS = YES;
				GCC_WARN_64_TO_32_BIT_CONVERSION = YES;
				GCC_WARN_ABOUT_RETURN_TYPE = YES_ERROR;
				GCC_WARN_UNDECLARED_SELECTOR = YES;
				GCC_WARN_UNINITIALIZED_AUTOS = YES_AGGRESSIVE;
				GCC_WARN_UNUSED_FUNCTION = YES;
				GCC_WARN_UNUSED_VARIABLE = YES;
				IPHONEOS_DEPLOYMENT_TARGET = 9.3;
				MTL_ENABLE_DEBUG_INFO = NO;
				SDKROOT = iphoneos;
				SWIFT_OPTIMIZATION_LEVEL = "-Owholemodule";
				VALIDATE_PRODUCT = YES;
			};
			name = Release;
		};
		D67774FA1D1C392B0051C634 /* Debug */ = {
			isa = XCBuildConfiguration;
			buildSettings = {
				ASSETCATALOG_COMPILER_APPICON_NAME = AppIcon;
				CLANG_ENABLE_MODULES = YES;
				CODE_SIGN_IDENTITY = "iPhone Developer";
				"CODE_SIGN_IDENTITY[sdk=iphoneos*]" = "iPhone Developer";
				INFOPLIST_FILE = "$(SRCROOT)/TheWordGame/Info.plist";
				LD_RUNPATH_SEARCH_PATHS = "$(inherited) @executable_path/Frameworks";
				PRODUCT_BUNDLE_IDENTIFIER = com.danielcastro.thewordgame;
				PRODUCT_NAME = TheWordGame;
				PROVISIONING_PROFILE = "";
				SWIFT_OBJC_BRIDGING_HEADER = "TheWordGame/TheWordGame-Bridging-Header.h";
				SWIFT_OPTIMIZATION_LEVEL = "-Onone";
				SWIFT_VERSION = 3.0;
				TARGETED_DEVICE_FAMILY = 1;
			};
			name = Debug;
		};
		D67774FB1D1C392B0051C634 /* Release */ = {
			isa = XCBuildConfiguration;
			buildSettings = {
				ASSETCATALOG_COMPILER_APPICON_NAME = AppIcon;
				CLANG_ENABLE_MODULES = YES;
				CODE_SIGN_IDENTITY = "iPhone Developer";
				"CODE_SIGN_IDENTITY[sdk=iphoneos*]" = "iPhone Developer";
				INFOPLIST_FILE = "$(SRCROOT)/TheWordGame/Info.plist";
				LD_RUNPATH_SEARCH_PATHS = "$(inherited) @executable_path/Frameworks";
				PRODUCT_BUNDLE_IDENTIFIER = com.danielcastro.thewordgame;
				PRODUCT_NAME = TheWordGame;
				PROVISIONING_PROFILE = "";
				SWIFT_OBJC_BRIDGING_HEADER = "TheWordGame/TheWordGame-Bridging-Header.h";
				SWIFT_VERSION = 3.0;
				TARGETED_DEVICE_FAMILY = 1;
			};
			name = Release;
		};
		D67774FD1D1C392B0051C634 /* Debug */ = {
			isa = XCBuildConfiguration;
			buildSettings = {
				BUNDLE_LOADER = "$(TEST_HOST)";
				INFOPLIST_FILE = TheWordGameTests/Info.plist;
				LD_RUNPATH_SEARCH_PATHS = "$(inherited) @executable_path/Frameworks @loader_path/Frameworks";
				PRODUCT_BUNDLE_IDENTIFIER = com.danielcastro.TheWordGameTests;
				PRODUCT_NAME = TheWordGame;
				SWIFT_VERSION = 3.0;
				TEST_HOST = "$(BUILT_PRODUCTS_DIR)/TheWordGame.app/TheWordGame";
			};
			name = Debug;
		};
		D67774FE1D1C392B0051C634 /* Release */ = {
			isa = XCBuildConfiguration;
			buildSettings = {
				BUNDLE_LOADER = "$(TEST_HOST)";
				INFOPLIST_FILE = TheWordGameTests/Info.plist;
				LD_RUNPATH_SEARCH_PATHS = "$(inherited) @executable_path/Frameworks @loader_path/Frameworks";
				PRODUCT_BUNDLE_IDENTIFIER = com.danielcastro.TheWordGameTests;
				PRODUCT_NAME = TheWordGame;
				SWIFT_VERSION = 3.0;
				TEST_HOST = "$(BUILT_PRODUCTS_DIR)/TheWordGame.app/TheWordGame";
			};
			name = Release;
		};
		D67775001D1C392B0051C634 /* Debug */ = {
			isa = XCBuildConfiguration;
			buildSettings = {
				CLANG_ENABLE_MODULES = YES;
				CODE_SIGN_IDENTITY = "iPhone Developer";
				INFOPLIST_FILE = TheWordGame/Info.plist;
				LD_RUNPATH_SEARCH_PATHS = "$(inherited) @executable_path/Frameworks @loader_path/Frameworks";
				PRODUCT_BUNDLE_IDENTIFIER = com.danielcastro.thewordgame;
				PRODUCT_NAME = TheWordGame;
				SWIFT_OPTIMIZATION_LEVEL = "-Onone";
				SWIFT_VERSION = 3.0;
				TEST_TARGET_NAME = TheWordGame;
			};
			name = Debug;
		};
		D67775011D1C392B0051C634 /* Release */ = {
			isa = XCBuildConfiguration;
			buildSettings = {
				CLANG_ENABLE_MODULES = YES;
				CODE_SIGN_IDENTITY = "iPhone Developer";
				INFOPLIST_FILE = TheWordGame/Info.plist;
				LD_RUNPATH_SEARCH_PATHS = "$(inherited) @executable_path/Frameworks @loader_path/Frameworks";
				PRODUCT_BUNDLE_IDENTIFIER = com.danielcastro.thewordgame;
				PRODUCT_NAME = TheWordGame;
				SWIFT_VERSION = 3.0;
				TEST_TARGET_NAME = TheWordGame;
			};
			name = Release;
		};
/* End XCBuildConfiguration section */

/* Begin XCConfigurationList section */
		D67774C91D1C392B0051C634 /* Build configuration list for PBXProject "TheWordGame" */ = {
			isa = XCConfigurationList;
			buildConfigurations = (
				D67774F71D1C392B0051C634 /* Debug */,
				D67774F81D1C392B0051C634 /* Release */,
			);
			defaultConfigurationIsVisible = 0;
			defaultConfigurationName = Release;
		};
		D67774F91D1C392B0051C634 /* Build configuration list for PBXNativeTarget "TheWordGame" */ = {
			isa = XCConfigurationList;
			buildConfigurations = (
				D67774FA1D1C392B0051C634 /* Debug */,
				D67774FB1D1C392B0051C634 /* Release */,
			);
			defaultConfigurationIsVisible = 0;
			defaultConfigurationName = Release;
		};
		D67774FC1D1C392B0051C634 /* Build configuration list for PBXNativeTarget "TheWordGameTests" */ = {
			isa = XCConfigurationList;
			buildConfigurations = (
				D67774FD1D1C392B0051C634 /* Debug */,
				D67774FE1D1C392B0051C634 /* Release */,
			);
			defaultConfigurationIsVisible = 0;
			defaultConfigurationName = Release;
		};
		D67774FF1D1C392B0051C634 /* Build configuration list for PBXNativeTarget "TheWordGameUITests" */ = {
			isa = XCConfigurationList;
			buildConfigurations = (
				D67775001D1C392B0051C634 /* Debug */,
				D67775011D1C392B0051C634 /* Release */,
			);
			defaultConfigurationIsVisible = 0;
			defaultConfigurationName = Release;
		};
/* End XCConfigurationList section */

/* Begin XCVersionGroup section */
		B381D5C11D7E0E3900E40B45 /* thewordgame.xcdatamodeld */ = {
			isa = XCVersionGroup;
			children = (
				B381D5C21D7E0E3900E40B45 /* testing_animations.xcdatamodel */,
			);
			currentVersion = B381D5C21D7E0E3900E40B45 /* testing_animations.xcdatamodel */;
			path = thewordgame.xcdatamodeld;
			sourceTree = "<group>";
			versionGroupType = wrapper.xcdatamodel;
		};
/* End XCVersionGroup section */
	};
	rootObject = D67774C61D1C392B0051C634 /* Project object */;
}
